
Microsoft Visual Studio Solution File, Format Version 12.00
# Visual Studio Version 17
VisualStudioVersion = 17.7.34031.279
MinimumVisualStudioVersion = 10.0.40219.1
Project("{FAE04EC0-301F-11D3-BF4B-00C04F79EFBC}") = "Dynamic-Object-3D", "Dynamic-Object-3D.csproj", "{3772A5F4-2D10-43BB-9BD7-7653BF014995}"
EndProject
Global
	GlobalSection(SolutionConfigurationPlatforms) = preSolution
		Debug|Any CPU = Debug|Any CPU
		Release|Any CPU = Release|Any CPU
	EndGlobalSection
	GlobalSection(ProjectConfigurationPlatforms) = postSolution
		{3772A5F4-2D10-43BB-9BD7-7653BF014995}.Debug|Any CPU.ActiveCfg = Debug|Any CPU
		{3772A5F4-2D10-43BB-9BD7-7653BF014995}.Debug|Any CPU.Build.0 = Debug|Any CPU
		{3772A5F4-2D10-43BB-9BD7-7653BF014995}.Release|Any CPU.ActiveCfg = Release|Any CPU
		{3772A5F4-2D10-43BB-9BD7-7653BF014995}.Release|Any CPU.Build.0 = Release|Any CPU
	EndGlobalSection
	GlobalSection(SolutionProperties) = preSolution
		HideSolutionNode = FALSE
	EndGlobalSection
	GlobalSection(ExtensibilityGlobals) = postSolution
		SolutionGuid = {3F6EB5FC-3D34-4744-B473-38A7AC182674}
	EndGlobalSection
EndGlobal
